{
    "_readme": [
        "This file locks the dependencies of your project to a known state",
        "Read more about it at https://getcomposer.org/doc/01-basic-usage.md#installing-dependencies",
        "This file is @generated automatically"
    ],
    "content-hash": "31d5e15e26272cd1c47d5c3ea79fc3ab",
    "packages": [
        {
            "name": "kamu/framework",
            "version": "v1.1.7",
            "source": {
                "type": "git",
                "url": "https://github.com/dewanakl/framework.git",
                "reference": "f271457b6dbf21c69e31fb9ababf6b6b236fee90"
            },
            "dist": {
                "type": "zip",
                "url": "https://api.github.com/repos/dewanakl/framework/zipball/f271457b6dbf21c69e31fb9ababf6b6b236fee90",
                "reference": "f271457b6dbf21c69e31fb9ababf6b6b236fee90",
                "shasum": ""
            },
            "require": {
                "ext-openssl": "*",
                "php": "^8.1"
            },
            "type": "library",
            "autoload": {
                "files": [
                    "src/helpers/helpers.php"
                ],
                "psr-4": {
                    "Core\\": "src/Core/"
                }
            },
            "notification-url": "https://packagist.org/downloads/",
            "license": [
                "MIT"
            ],
            "authors": [
                {
                    "name": "Dewana Kretarta Lokeswara",
                    "email": "dewanakretarta29@gmail.com"
                }
            ],
            "description": "The Kamu Framework.",
            "homepage": "https://github.com/dewanakl/framework",
            "keywords": [
                "framework",
                "kamu"
            ],
            "support": {
                "issues": "https://github.com/dewanakl/framework/issues",
                "source": "https://github.com/dewanakl/framework"
            },
            "time": "2023-01-22T17:17:43+00:00"
        }
    ],
    "packages-dev": [],
    "aliases": [],
    "minimum-stability": "stable",
    "stability-flags": [],
    "prefer-stable": true,
    "prefer-lowest": false,
    "platform": {
        "php": "^8.1"
    },
    "platform-dev": [],
    "plugin-api-version": "2.3.0"
}
